// !$*UTF8*$!
{
	archiveVersion = 1;
	classes = {
	};
	objectVersion = 46;
	objects = {

/* Begin PBXBuildFile section */
		62AFEF591BFDFDA300723298 /* GDebugLoadScene.cpp in Sources */ = {isa = PBXBuildFile; fileRef = D8011AC01BFDC35B00A820B3 /* GDebugLoadScene.cpp */; };
		62AFEF5A1BFDFDA300723298 /* GLogger.cpp in Sources */ = {isa = PBXBuildFile; fileRef = D8B475E41BFD807B006A6AE3 /* GLogger.cpp */; };
		62AFEF5B1BFDFDA300723298 /* GUTF8.cpp in Sources */ = {isa = PBXBuildFile; fileRef = D8B475E81BFDA8E6006A6AE3 /* GUTF8.cpp */; };
		62AFEF5C1BFDFDA300723298 /* GResource.cpp in Sources */ = {isa = PBXBuildFile; fileRef = D8CA92E21BFD688A00B8A54D /* GResource.cpp */; };
		62AFEF5D1BFDFDA300723298 /* GGameControl.cpp in Sources */ = {isa = PBXBuildFile; fileRef = 62CB3DAE1BFB517100CFD686 /* GGameControl.cpp */; };
		62AFEF5E1BFDFDA300723298 /* GHtttpService.cpp in Sources */ = {isa = PBXBuildFile; fileRef = D872AFA81BF582EA0087CFFE /* GHtttpService.cpp */; };
		62AFEF5F1BFDFDA300723298 /* guang.cpp in Sources */ = {isa = PBXBuildFile; fileRef = D872AFA21BF57FD80087CFFE /* guang.cpp */; };
		62AFEF681BFDFEFB00723298 /* GDebugLoadScene.h in Headers */ = {isa = PBXBuildFile; fileRef = D8011AC11BFDC35B00A820B3 /* GDebugLoadScene.h */; };
		62AFEF691BFDFEFB00723298 /* GLogger.h in Headers */ = {isa = PBXBuildFile; fileRef = D8B475E51BFD807B006A6AE3 /* GLogger.h */; };
		62AFEF6A1BFDFEFB00723298 /* GUTF8.h in Headers */ = {isa = PBXBuildFile; fileRef = D8B475E91BFDA8E6006A6AE3 /* GUTF8.h */; };
		62AFEF6B1BFDFEFB00723298 /* GResource.h in Headers */ = {isa = PBXBuildFile; fileRef = D8CA92E31BFD688A00B8A54D /* GResource.h */; };
		62AFEF6C1BFDFEFB00723298 /* GGameControl.h in Headers */ = {isa = PBXBuildFile; fileRef = 62CB3DAF1BFB517100CFD686 /* GGameControl.h */; };
		62AFEF6D1BFDFEFB00723298 /* GHtttpService.h in Headers */ = {isa = PBXBuildFile; fileRef = D872AFA91BF582EA0087CFFE /* GHtttpService.h */; };
		62AFEF6E1BFDFEFB00723298 /* guang.h in Headers */ = {isa = PBXBuildFile; fileRef = D872AFA31BF57FD80087CFFE /* guang.h */; };
		62AFEF991BFE217200723298 /* libcocos2d iOS.a in Frameworks */ = {isa = PBXBuildFile; fileRef = 62AFEF981BFE217200723298 /* libcocos2d iOS.a */; };
		62AFEF9B1BFE217600723298 /* libjscocos2d iOS.a in Frameworks */ = {isa = PBXBuildFile; fileRef = 62AFEF9A1BFE217600723298 /* libjscocos2d iOS.a */; };
		62AFEFB51BFE26CB00723298 /* libcurl.a in Frameworks */ = {isa = PBXBuildFile; fileRef = 62AFEFB41BFE26CB00723298 /* libcurl.a */; };
		62B1939C1C05F4E8003D8E59 /* GScene.cpp in Sources */ = {isa = PBXBuildFile; fileRef = 62B1939A1C05F4E8003D8E59 /* GScene.cpp */; };
		62B1939D1C05F4E8003D8E59 /* GScene.cpp in Sources */ = {isa = PBXBuildFile; fileRef = 62B1939A1C05F4E8003D8E59 /* GScene.cpp */; };
		62B1939E1C05F4E8003D8E59 /* GScene.h in Headers */ = {isa = PBXBuildFile; fileRef = 62B1939B1C05F4E8003D8E59 /* GScene.h */; };
		62B1939F1C05F4E8003D8E59 /* GScene.h in Headers */ = {isa = PBXBuildFile; fileRef = 62B1939B1C05F4E8003D8E59 /* GScene.h */; };
		62CB3DB01BFB517100CFD686 /* GGameControl.cpp in Sources */ = {isa = PBXBuildFile; fileRef = 62CB3DAE1BFB517100CFD686 /* GGameControl.cpp */; };
		62CB3DB11BFB517100CFD686 /* GGameControl.h in Headers */ = {isa = PBXBuildFile; fileRef = 62CB3DAF1BFB517100CFD686 /* GGameControl.h */; };
		D8011AC21BFDC35B00A820B3 /* GDebugLoadScene.cpp in Sources */ = {isa = PBXBuildFile; fileRef = D8011AC01BFDC35B00A820B3 /* GDebugLoadScene.cpp */; };
		D8011AC31BFDC35B00A820B3 /* GDebugLoadScene.h in Headers */ = {isa = PBXBuildFile; fileRef = D8011AC11BFDC35B00A820B3 /* GDebugLoadScene.h */; };
		D810A6E91C0855AA00850759 /* jsb_libguang_auto.cpp in Sources */ = {isa = PBXBuildFile; fileRef = D810A6E71C0855AA00850759 /* jsb_libguang_auto.cpp */; };
		D810A6EA1C0855AA00850759 /* jsb_libguang_auto.hpp in Headers */ = {isa = PBXBuildFile; fileRef = D810A6E81C0855AA00850759 /* jsb_libguang_auto.hpp */; };
		D810A6EC1C0855BA00850759 /* jsb_libguang_auto.cpp in Sources */ = {isa = PBXBuildFile; fileRef = D810A6E71C0855AA00850759 /* jsb_libguang_auto.cpp */; };
		D872AFA41BF57FD80087CFFE /* guang.cpp in Sources */ = {isa = PBXBuildFile; fileRef = D872AFA21BF57FD80087CFFE /* guang.cpp */; };
		D872AFA51BF57FD80087CFFE /* guang.h in Headers */ = {isa = PBXBuildFile; fileRef = D872AFA31BF57FD80087CFFE /* guang.h */; };
		D872AFAA1BF582EA0087CFFE /* GHtttpService.cpp in Sources */ = {isa = PBXBuildFile; fileRef = D872AFA81BF582EA0087CFFE /* GHtttpService.cpp */; };
		D872AFAB1BF582EA0087CFFE /* GHtttpService.h in Headers */ = {isa = PBXBuildFile; fileRef = D872AFA91BF582EA0087CFFE /* GHtttpService.h */; };
		D89513811C0BF8CE00135ED3 /* jsb_libguang_auto.hpp in Headers */ = {isa = PBXBuildFile; fileRef = D810A6E81C0855AA00850759 /* jsb_libguang_auto.hpp */; };
		D89D5EB41C06AE4100539D68 /* GDeviceInfo.cpp in Sources */ = {isa = PBXBuildFile; fileRef = D89D5EB21C06AE4100539D68 /* GDeviceInfo.cpp */; };
		D89D5EB51C06AE4100539D68 /* GDeviceInfo.cpp in Sources */ = {isa = PBXBuildFile; fileRef = D89D5EB21C06AE4100539D68 /* GDeviceInfo.cpp */; };
		D89D5EB61C06AE4100539D68 /* GDeviceInfo.h in Headers */ = {isa = PBXBuildFile; fileRef = D89D5EB31C06AE4100539D68 /* GDeviceInfo.h */; };
		D89D5EB71C06AE4100539D68 /* GDeviceInfo.h in Headers */ = {isa = PBXBuildFile; fileRef = D89D5EB31C06AE4100539D68 /* GDeviceInfo.h */; };
		D89D5EBD1C06D8AF00539D68 /* GDeviceInfoAndroid.cpp in Sources */ = {isa = PBXBuildFile; fileRef = D89D5EBB1C06D8AF00539D68 /* GDeviceInfoAndroid.cpp */; };
		D89D5EBE1C06D8AF00539D68 /* GDeviceInfoAndroid.cpp in Sources */ = {isa = PBXBuildFile; fileRef = D89D5EBB1C06D8AF00539D68 /* GDeviceInfoAndroid.cpp */; };
		D89D5EBF1C06D8AF00539D68 /* GDeviceInfoAndroid.h in Headers */ = {isa = PBXBuildFile; fileRef = D89D5EBC1C06D8AF00539D68 /* GDeviceInfoAndroid.h */; };
		D89D5EC01C06D8AF00539D68 /* GDeviceInfoAndroid.h in Headers */ = {isa = PBXBuildFile; fileRef = D89D5EBC1C06D8AF00539D68 /* GDeviceInfoAndroid.h */; };
		D89D5EC41C06E34800539D68 /* GDeviceInfoIOS.mm in Sources */ = {isa = PBXBuildFile; fileRef = D89D5EC21C06E34800539D68 /* GDeviceInfoIOS.mm */; };
		D89D5EC51C06E34800539D68 /* GDeviceInfoIOS.mm in Sources */ = {isa = PBXBuildFile; fileRef = D89D5EC21C06E34800539D68 /* GDeviceInfoIOS.mm */; };
		D89D5EC61C06E34800539D68 /* GDeviceInfoIOS.h in Headers */ = {isa = PBXBuildFile; fileRef = D89D5EC31C06E34800539D68 /* GDeviceInfoIOS.h */; };
		D89D5EC71C06E34800539D68 /* GDeviceInfoIOS.h in Headers */ = {isa = PBXBuildFile; fileRef = D89D5EC31C06E34800539D68 /* GDeviceInfoIOS.h */; };
		D8B475E61BFD807B006A6AE3 /* GLogger.cpp in Sources */ = {isa = PBXBuildFile; fileRef = D8B475E41BFD807B006A6AE3 /* GLogger.cpp */; };
		D8B475E71BFD807B006A6AE3 /* GLogger.h in Headers */ = {isa = PBXBuildFile; fileRef = D8B475E51BFD807B006A6AE3 /* GLogger.h */; };
		D8B475EA1BFDA8E6006A6AE3 /* GUTF8.cpp in Sources */ = {isa = PBXBuildFile; fileRef = D8B475E81BFDA8E6006A6AE3 /* GUTF8.cpp */; };
		D8B475EB1BFDA8E6006A6AE3 /* GUTF8.h in Headers */ = {isa = PBXBuildFile; fileRef = D8B475E91BFDA8E6006A6AE3 /* GUTF8.h */; };
		D8CA92E41BFD688A00B8A54D /* GResource.cpp in Sources */ = {isa = PBXBuildFile; fileRef = D8CA92E21BFD688A00B8A54D /* GResource.cpp */; };
		D8CA92E51BFD688A00B8A54D /* GResource.h in Headers */ = {isa = PBXBuildFile; fileRef = D8CA92E31BFD688A00B8A54D /* GResource.h */; };
		D8D7B1D31BFF24070029FFE9 /* GStartLoadScene.cpp in Sources */ = {isa = PBXBuildFile; fileRef = D8D7B1D11BFF24070029FFE9 /* GStartLoadScene.cpp */; };
		D8D7B1D41BFF24070029FFE9 /* GStartLoadScene.cpp in Sources */ = {isa = PBXBuildFile; fileRef = D8D7B1D11BFF24070029FFE9 /* GStartLoadScene.cpp */; };
		D8D7B1D51BFF24070029FFE9 /* GStartLoadScene.h in Headers */ = {isa = PBXBuildFile; fileRef = D8D7B1D21BFF24070029FFE9 /* GStartLoadScene.h */; };
		D8D7B1D61BFF24070029FFE9 /* GStartLoadScene.h in Headers */ = {isa = PBXBuildFile; fileRef = D8D7B1D21BFF24070029FFE9 /* GStartLoadScene.h */; };
/* End PBXBuildFile section */

/* Begin PBXFileReference section */
		62AFEF461BFDFB6200723298 /* libguang ios.a */ = {isa = PBXFileReference; explicitFileType = archive.ar; includeInIndex = 0; path = "libguang ios.a"; sourceTree = BUILT_PRODUCTS_DIR; };
		62AFEF981BFE217200723298 /* libcocos2d iOS.a */ = {isa = PBXFileReference; lastKnownFileType = archive.ar; name = "libcocos2d iOS.a"; path = "../cocos2d-x/build/build/Debug-iphoneos/libcocos2d iOS.a"; sourceTree = "<group>"; };
		62AFEF9A1BFE217600723298 /* libjscocos2d iOS.a */ = {isa = PBXFileReference; lastKnownFileType = archive.ar; name = "libjscocos2d iOS.a"; path = "../cocos2d-x/cocos/scripting/js-bindings/proj.ios_mac/build/Debug-iphoneos/libjscocos2d iOS.a"; sourceTree = "<group>"; };
		62AFEFB41BFE26CB00723298 /* libcurl.a */ = {isa = PBXFileReference; lastKnownFileType = archive.ar; name = libcurl.a; path = "../cocos2d-x/external/curl/prebuilt/ios/libcurl.a"; sourceTree = "<group>"; };
		62B1939A1C05F4E8003D8E59 /* GScene.cpp */ = {isa = PBXFileReference; fileEncoding = 4; lastKnownFileType = sourcecode.cpp.cpp; name = GScene.cpp; path = scene/GScene.cpp; sourceTree = "<group>"; };
		62B1939B1C05F4E8003D8E59 /* GScene.h */ = {isa = PBXFileReference; fileEncoding = 4; lastKnownFileType = sourcecode.c.h; name = GScene.h; path = scene/GScene.h; sourceTree = "<group>"; };
		62CB3DAE1BFB517100CFD686 /* GGameControl.cpp */ = {isa = PBXFileReference; fileEncoding = 4; lastKnownFileType = sourcecode.cpp.cpp; name = GGameControl.cpp; path = core/GGameControl.cpp; sourceTree = "<group>"; };
		62CB3DAF1BFB517100CFD686 /* GGameControl.h */ = {isa = PBXFileReference; fileEncoding = 4; lastKnownFileType = sourcecode.c.h; name = GGameControl.h; path = core/GGameControl.h; sourceTree = "<group>"; };
		D8011AC01BFDC35B00A820B3 /* GDebugLoadScene.cpp */ = {isa = PBXFileReference; fileEncoding = 4; lastKnownFileType = sourcecode.cpp.cpp; name = GDebugLoadScene.cpp; path = scene/GDebugLoadScene.cpp; sourceTree = "<group>"; };
		D8011AC11BFDC35B00A820B3 /* GDebugLoadScene.h */ = {isa = PBXFileReference; fileEncoding = 4; lastKnownFileType = sourcecode.c.h; name = GDebugLoadScene.h; path = scene/GDebugLoadScene.h; sourceTree = "<group>"; };
		D810A6E71C0855AA00850759 /* jsb_libguang_auto.cpp */ = {isa = PBXFileReference; fileEncoding = 4; lastKnownFileType = sourcecode.cpp.cpp; name = jsb_libguang_auto.cpp; path = "js-bindings/auto/jsb_libguang_auto.cpp"; sourceTree = "<group>"; };
		D810A6E81C0855AA00850759 /* jsb_libguang_auto.hpp */ = {isa = PBXFileReference; fileEncoding = 4; lastKnownFileType = sourcecode.cpp.h; name = jsb_libguang_auto.hpp; path = "js-bindings/auto/jsb_libguang_auto.hpp"; sourceTree = "<group>"; };
		D872AF951BF57FBB0087CFFE /* libguang mac.a */ = {isa = PBXFileReference; explicitFileType = archive.ar; includeInIndex = 0; path = "libguang mac.a"; sourceTree = BUILT_PRODUCTS_DIR; };
		D872AFA21BF57FD80087CFFE /* guang.cpp */ = {isa = PBXFileReference; fileEncoding = 4; lastKnownFileType = sourcecode.cpp.cpp; path = guang.cpp; sourceTree = "<group>"; };
		D872AFA31BF57FD80087CFFE /* guang.h */ = {isa = PBXFileReference; fileEncoding = 4; lastKnownFileType = sourcecode.c.h; path = guang.h; sourceTree = "<group>"; };
		D872AFA81BF582EA0087CFFE /* GHtttpService.cpp */ = {isa = PBXFileReference; fileEncoding = 4; lastKnownFileType = sourcecode.cpp.cpp; name = GHtttpService.cpp; path = net/GHtttpService.cpp; sourceTree = "<group>"; };
		D872AFA91BF582EA0087CFFE /* GHtttpService.h */ = {isa = PBXFileReference; fileEncoding = 4; lastKnownFileType = sourcecode.c.h; name = GHtttpService.h; path = net/GHtttpService.h; sourceTree = "<group>"; };
		D89D5EB21C06AE4100539D68 /* GDeviceInfo.cpp */ = {isa = PBXFileReference; fileEncoding = 4; lastKnownFileType = sourcecode.cpp.cpp; name = GDeviceInfo.cpp; path = tools/GDeviceInfo.cpp; sourceTree = "<group>"; };
		D89D5EB31C06AE4100539D68 /* GDeviceInfo.h */ = {isa = PBXFileReference; fileEncoding = 4; lastKnownFileType = sourcecode.c.h; name = GDeviceInfo.h; path = tools/GDeviceInfo.h; sourceTree = "<group>"; };
		D89D5EBB1C06D8AF00539D68 /* GDeviceInfoAndroid.cpp */ = {isa = PBXFileReference; fileEncoding = 4; lastKnownFileType = sourcecode.cpp.cpp; name = GDeviceInfoAndroid.cpp; path = platform/GDeviceInfoAndroid.cpp; sourceTree = "<group>"; };
		D89D5EBC1C06D8AF00539D68 /* GDeviceInfoAndroid.h */ = {isa = PBXFileReference; fileEncoding = 4; lastKnownFileType = sourcecode.c.h; name = GDeviceInfoAndroid.h; path = platform/GDeviceInfoAndroid.h; sourceTree = "<group>"; };
		D89D5EC21C06E34800539D68 /* GDeviceInfoIOS.mm */ = {isa = PBXFileReference; fileEncoding = 4; lastKnownFileType = sourcecode.cpp.objcpp; name = GDeviceInfoIOS.mm; path = platform/GDeviceInfoIOS.mm; sourceTree = "<group>"; };
		D89D5EC31C06E34800539D68 /* GDeviceInfoIOS.h */ = {isa = PBXFileReference; fileEncoding = 4; lastKnownFileType = sourcecode.c.h; name = GDeviceInfoIOS.h; path = platform/GDeviceInfoIOS.h; sourceTree = "<group>"; };
		D8B475E41BFD807B006A6AE3 /* GLogger.cpp */ = {isa = PBXFileReference; fileEncoding = 4; lastKnownFileType = sourcecode.cpp.cpp; name = GLogger.cpp; path = tools/GLogger.cpp; sourceTree = "<group>"; };
		D8B475E51BFD807B006A6AE3 /* GLogger.h */ = {isa = PBXFileReference; fileEncoding = 4; lastKnownFileType = sourcecode.c.h; name = GLogger.h; path = tools/GLogger.h; sourceTree = "<group>"; };
		D8B475E81BFDA8E6006A6AE3 /* GUTF8.cpp */ = {isa = PBXFileReference; fileEncoding = 4; lastKnownFileType = sourcecode.cpp.cpp; name = GUTF8.cpp; path = tools/GUTF8.cpp; sourceTree = "<group>"; };
		D8B475E91BFDA8E6006A6AE3 /* GUTF8.h */ = {isa = PBXFileReference; fileEncoding = 4; lastKnownFileType = sourcecode.c.h; name = GUTF8.h; path = tools/GUTF8.h; sourceTree = "<group>"; };
		D8CA92E21BFD688A00B8A54D /* GResource.cpp */ = {isa = PBXFileReference; fileEncoding = 4; lastKnownFileType = sourcecode.cpp.cpp; name = GResource.cpp; path = data/GResource.cpp; sourceTree = "<group>"; };
		D8CA92E31BFD688A00B8A54D /* GResource.h */ = {isa = PBXFileReference; fileEncoding = 4; lastKnownFileType = sourcecode.c.h; name = GResource.h; path = data/GResource.h; sourceTree = "<group>"; };
		D8D7B1D11BFF24070029FFE9 /* GStartLoadScene.cpp */ = {isa = PBXFileReference; fileEncoding = 4; lastKnownFileType = sourcecode.cpp.cpp; name = GStartLoadScene.cpp; path = scene/GStartLoadScene.cpp; sourceTree = "<group>"; };
		D8D7B1D21BFF24070029FFE9 /* GStartLoadScene.h */ = {isa = PBXFileReference; fileEncoding = 4; lastKnownFileType = sourcecode.c.h; name = GStartLoadScene.h; path = scene/GStartLoadScene.h; sourceTree = "<group>"; };
/* End PBXFileReference section */

/* Begin PBXFrameworksBuildPhase section */
		62AFEF431BFDFB6200723298 /* Frameworks */ = {
			isa = PBXFrameworksBuildPhase;
			buildActionMask = 2147483647;
			files = (
				62AFEFB51BFE26CB00723298 /* libcurl.a in Frameworks */,
				62AFEF9B1BFE217600723298 /* libjscocos2d iOS.a in Frameworks */,
				62AFEF991BFE217200723298 /* libcocos2d iOS.a in Frameworks */,
			);
			runOnlyForDeploymentPostprocessing = 0;
		};
		D872AF921BF57FBB0087CFFE /* Frameworks */ = {
			isa = PBXFrameworksBuildPhase;
			buildActionMask = 2147483647;
			files = (
			);
			runOnlyForDeploymentPostprocessing = 0;
		};
/* End PBXFrameworksBuildPhase section */

/* Begin PBXGroup section */
		62AFEFB61BFE27CA00723298 /* libs */ = {
			isa = PBXGroup;
			children = (
				62AFEFB41BFE26CB00723298 /* libcurl.a */,
				62AFEF9A1BFE217600723298 /* libjscocos2d iOS.a */,
				62AFEF981BFE217200723298 /* libcocos2d iOS.a */,
			);
			name = libs;
			sourceTree = "<group>";
		};
		62CB3DAD1BFB50FB00CFD686 /* core */ = {
			isa = PBXGroup;
			children = (
				62CB3DAE1BFB517100CFD686 /* GGameControl.cpp */,
				62CB3DAF1BFB517100CFD686 /* GGameControl.h */,
			);
			name = core;
			sourceTree = "<group>";
		};
		D8011AC41BFDC36200A820B3 /* scene */ = {
			isa = PBXGroup;
			children = (
				D8011AC01BFDC35B00A820B3 /* GDebugLoadScene.cpp */,
				D8011AC11BFDC35B00A820B3 /* GDebugLoadScene.h */,
				D8D7B1D11BFF24070029FFE9 /* GStartLoadScene.cpp */,
				D8D7B1D21BFF24070029FFE9 /* GStartLoadScene.h */,
				62B1939A1C05F4E8003D8E59 /* GScene.cpp */,
				62B1939B1C05F4E8003D8E59 /* GScene.h */,
			);
			name = scene;
			sourceTree = "<group>";
		};
		D810A6E51C08558900850759 /* js-bindings */ = {
			isa = PBXGroup;
			children = (
				D810A6E61C08559900850759 /* auto */,
			);
			name = "js-bindings";
			sourceTree = "<group>";
		};
		D810A6E61C08559900850759 /* auto */ = {
			isa = PBXGroup;
			children = (
				D810A6E71C0855AA00850759 /* jsb_libguang_auto.cpp */,
				D810A6E81C0855AA00850759 /* jsb_libguang_auto.hpp */,
			);
			name = auto;
			sourceTree = "<group>";
		};
		D872AF8C1BF57FBB0087CFFE = {
			isa = PBXGroup;
			children = (
				D810A6E51C08558900850759 /* js-bindings */,
				D8011AC41BFDC36200A820B3 /* scene */,
				D8CA92EF1BFD7B4100B8A54D /* tools */,
				D8CA92E61BFD68A700B8A54D /* data */,
				62CB3DAD1BFB50FB00CFD686 /* core */,
				D872AFAC1BF582F00087CFFE /* net */,
				D89D5EC11C06D8C400539D68 /* platform */,
				62AFEFB61BFE27CA00723298 /* libs */,
				D872AF961BF57FBB0087CFFE /* Products */,
				D872AFA21BF57FD80087CFFE /* guang.cpp */,
				D872AFA31BF57FD80087CFFE /* guang.h */,
			);
			sourceTree = "<group>";
		};
		D872AF961BF57FBB0087CFFE /* Products */ = {
			isa = PBXGroup;
			children = (
				D872AF951BF57FBB0087CFFE /* libguang mac.a */,
				62AFEF461BFDFB6200723298 /* libguang ios.a */,
			);
			name = Products;
			sourceTree = "<group>";
		};
		D872AFAC1BF582F00087CFFE /* net */ = {
			isa = PBXGroup;
			children = (
				D872AFA81BF582EA0087CFFE /* GHtttpService.cpp */,
				D872AFA91BF582EA0087CFFE /* GHtttpService.h */,
			);
			name = net;
			sourceTree = "<group>";
		};
		D89D5EC11C06D8C400539D68 /* platform */ = {
			isa = PBXGroup;
			children = (
				D89D5EBB1C06D8AF00539D68 /* GDeviceInfoAndroid.cpp */,
				D89D5EBC1C06D8AF00539D68 /* GDeviceInfoAndroid.h */,
				D89D5EC21C06E34800539D68 /* GDeviceInfoIOS.mm */,
				D89D5EC31C06E34800539D68 /* GDeviceInfoIOS.h */,
			);
			name = platform;
			sourceTree = "<group>";
		};
		D8CA92E61BFD68A700B8A54D /* data */ = {
			isa = PBXGroup;
			children = (
				D8CA92E21BFD688A00B8A54D /* GResource.cpp */,
				D8CA92E31BFD688A00B8A54D /* GResource.h */,
			);
			name = data;
			sourceTree = "<group>";
		};
		D8CA92EF1BFD7B4100B8A54D /* tools */ = {
			isa = PBXGroup;
			children = (
				D8B475E41BFD807B006A6AE3 /* GLogger.cpp */,
				D8B475E51BFD807B006A6AE3 /* GLogger.h */,
				D8B475E81BFDA8E6006A6AE3 /* GUTF8.cpp */,
				D8B475E91BFDA8E6006A6AE3 /* GUTF8.h */,
				D89D5EB21C06AE4100539D68 /* GDeviceInfo.cpp */,
				D89D5EB31C06AE4100539D68 /* GDeviceInfo.h */,
			);
			name = tools;
			sourceTree = "<group>";
		};
/* End PBXGroup section */

/* Begin PBXHeadersBuildPhase section */
		62AFEF671BFDFED500723298 /* Headers */ = {
			isa = PBXHeadersBuildPhase;
			buildActionMask = 2147483647;
			files = (
				D89513811C0BF8CE00135ED3 /* jsb_libguang_auto.hpp in Headers */,
				D89D5EB71C06AE4100539D68 /* GDeviceInfo.h in Headers */,
				62AFEF681BFDFEFB00723298 /* GDebugLoadScene.h in Headers */,
				62AFEF691BFDFEFB00723298 /* GLogger.h in Headers */,
				D8D7B1D61BFF24070029FFE9 /* GStartLoadScene.h in Headers */,
				D89D5EC71C06E34800539D68 /* GDeviceInfoIOS.h in Headers */,
				D89D5EC01C06D8AF00539D68 /* GDeviceInfoAndroid.h in Headers */,
				62AFEF6A1BFDFEFB00723298 /* GUTF8.h in Headers */,
				62B1939F1C05F4E8003D8E59 /* GScene.h in Headers */,
				62AFEF6B1BFDFEFB00723298 /* GResource.h in Headers */,
				62AFEF6C1BFDFEFB00723298 /* GGameControl.h in Headers */,
				62AFEF6D1BFDFEFB00723298 /* GHtttpService.h in Headers */,
				62AFEF6E1BFDFEFB00723298 /* guang.h in Headers */,
			);
			runOnlyForDeploymentPostprocessing = 0;
		};
		D872AF931BF57FBB0087CFFE /* Headers */ = {
			isa = PBXHeadersBuildPhase;
			buildActionMask = 2147483647;
			files = (
				D89D5EB61C06AE4100539D68 /* GDeviceInfo.h in Headers */,
				D872AFA51BF57FD80087CFFE /* guang.h in Headers */,
				D8011AC31BFDC35B00A820B3 /* GDebugLoadScene.h in Headers */,
				D8D7B1D51BFF24070029FFE9 /* GStartLoadScene.h in Headers */,
				D89D5EC61C06E34800539D68 /* GDeviceInfoIOS.h in Headers */,
				D89D5EBF1C06D8AF00539D68 /* GDeviceInfoAndroid.h in Headers */,
				D872AFAB1BF582EA0087CFFE /* GHtttpService.h in Headers */,
				62B1939E1C05F4E8003D8E59 /* GScene.h in Headers */,
				D8CA92E51BFD688A00B8A54D /* GResource.h in Headers */,
				D8B475EB1BFDA8E6006A6AE3 /* GUTF8.h in Headers */,
				D8B475E71BFD807B006A6AE3 /* GLogger.h in Headers */,
				D810A6EA1C0855AA00850759 /* jsb_libguang_auto.hpp in Headers */,
				62CB3DB11BFB517100CFD686 /* GGameControl.h in Headers */,
			);
			runOnlyForDeploymentPostprocessing = 0;
		};
/* End PBXHeadersBuildPhase section */

/* Begin PBXNativeTarget section */
		62AFEF451BFDFB6200723298 /* libguang ios */ = {
			isa = PBXNativeTarget;
			buildConfigurationList = 62AFEF4C1BFDFB6200723298 /* Build configuration list for PBXNativeTarget "libguang ios" */;
			buildPhases = (
				62AFEF421BFDFB6200723298 /* Sources */,
				62AFEF431BFDFB6200723298 /* Frameworks */,
				62AFEF671BFDFED500723298 /* Headers */,
			);
			buildRules = (
			);
			dependencies = (
			);
			name = "libguang ios";
			productName = "libguang ios";
			productReference = 62AFEF461BFDFB6200723298 /* libguang ios.a */;
			productType = "com.apple.product-type.library.static";
		};
		D872AF941BF57FBB0087CFFE /* libguang mac */ = {
			isa = PBXNativeTarget;
			buildConfigurationList = D872AF991BF57FBB0087CFFE /* Build configuration list for PBXNativeTarget "libguang mac" */;
			buildPhases = (
				D872AF911BF57FBB0087CFFE /* Sources */,
				D872AF921BF57FBB0087CFFE /* Frameworks */,
				D872AF931BF57FBB0087CFFE /* Headers */,
			);
			buildRules = (
			);
			dependencies = (
			);
			name = "libguang mac";
			productName = libguang;
			productReference = D872AF951BF57FBB0087CFFE /* libguang mac.a */;
			productType = "com.apple.product-type.library.static";
		};
/* End PBXNativeTarget section */

/* Begin PBXProject section */
		D872AF8D1BF57FBB0087CFFE /* Project object */ = {
			isa = PBXProject;
			attributes = {
				LastUpgradeCheck = 0630;
				ORGANIZATIONNAME = guang;
				TargetAttributes = {
					62AFEF451BFDFB6200723298 = {
						CreatedOnToolsVersion = 7.1;
					};
					D872AF941BF57FBB0087CFFE = {
						CreatedOnToolsVersion = 6.3.2;
					};
				};
			};
			buildConfigurationList = D872AF901BF57FBB0087CFFE /* Build configuration list for PBXProject "libguang" */;
			compatibilityVersion = "Xcode 3.2";
			developmentRegion = English;
			hasScannedForEncodings = 0;
			knownRegions = (
				en,
			);
			mainGroup = D872AF8C1BF57FBB0087CFFE;
			productRefGroup = D872AF961BF57FBB0087CFFE /* Products */;
			projectDirPath = "";
			projectRoot = "";
			targets = (
				D872AF941BF57FBB0087CFFE /* libguang mac */,
				62AFEF451BFDFB6200723298 /* libguang ios */,
			);
		};
/* End PBXProject section */

/* Begin PBXSourcesBuildPhase section */
		62AFEF421BFDFB6200723298 /* Sources */ = {
			isa = PBXSourcesBuildPhase;
			buildActionMask = 2147483647;
			files = (
				62AFEF591BFDFDA300723298 /* GDebugLoadScene.cpp in Sources */,
				D810A6EC1C0855BA00850759 /* jsb_libguang_auto.cpp in Sources */,
				D89D5EC51C06E34800539D68 /* GDeviceInfoIOS.mm in Sources */,
				62AFEF5A1BFDFDA300723298 /* GLogger.cpp in Sources */,
				62AFEF5B1BFDFDA300723298 /* GUTF8.cpp in Sources */,
				D89D5EB51C06AE4100539D68 /* GDeviceInfo.cpp in Sources */,
				62AFEF5C1BFDFDA300723298 /* GResource.cpp in Sources */,
				62B1939D1C05F4E8003D8E59 /* GScene.cpp in Sources */,
				62AFEF5D1BFDFDA300723298 /* GGameControl.cpp in Sources */,
				62AFEF5E1BFDFDA300723298 /* GHtttpService.cpp in Sources */,
				62AFEF5F1BFDFDA300723298 /* guang.cpp in Sources */,
				D89D5EBE1C06D8AF00539D68 /* GDeviceInfoAndroid.cpp in Sources */,
				D8D7B1D41BFF24070029FFE9 /* GStartLoadScene.cpp in Sources */,
			);
			runOnlyForDeploymentPostprocessing = 0;
		};
		D872AF911BF57FBB0087CFFE /* Sources */ = {
			isa = PBXSourcesBuildPhase;
			buildActionMask = 2147483647;
			files = (
				D872AFAA1BF582EA0087CFFE /* GHtttpService.cpp in Sources */,
				D810A6E91C0855AA00850759 /* jsb_libguang_auto.cpp in Sources */,
				D89D5EC41C06E34800539D68 /* GDeviceInfoIOS.mm in Sources */,
				D8CA92E41BFD688A00B8A54D /* GResource.cpp in Sources */,
				D8B475EA1BFDA8E6006A6AE3 /* GUTF8.cpp in Sources */,
				D89D5EB41C06AE4100539D68 /* GDeviceInfo.cpp in Sources */,
				62CB3DB01BFB517100CFD686 /* GGameControl.cpp in Sources */,
				62B1939C1C05F4E8003D8E59 /* GScene.cpp in Sources */,
				D8011AC21BFDC35B00A820B3 /* GDebugLoadScene.cpp in Sources */,
				D872AFA41BF57FD80087CFFE /* guang.cpp in Sources */,
				D8B475E61BFD807B006A6AE3 /* GLogger.cpp in Sources */,
				D89D5EBD1C06D8AF00539D68 /* GDeviceInfoAndroid.cpp in Sources */,
				D8D7B1D31BFF24070029FFE9 /* GStartLoadScene.cpp in Sources */,
			);
			runOnlyForDeploymentPostprocessing = 0;
		};
/* End PBXSourcesBuildPhase section */

/* Begin XCBuildConfiguration section */
		62AFEF4D1BFDFB6200723298 /* Debug */ = {
			isa = XCBuildConfiguration;
			buildSettings = {
				ALWAYS_SEARCH_USER_PATHS = YES;
				"CODE_SIGN_IDENTITY[sdk=iphoneos*]" = "iPhone Developer";
				ENABLE_TESTABILITY = YES;
				EXECUTABLE_PREFIX = "";
				GCC_PREPROCESSOR_DEFINITIONS = (
					"$(inherited)",
					COCOS2D_JAVASCRIPT,
					CC_TARGET_OS_IPHONE,
				);
				IPHONEOS_DEPLOYMENT_TARGET = 9.1;
				LIBRARY_SEARCH_PATHS = "\"$(SRCROOT)/../cocos2d-x/external/curl/prebuilt/ios\"";
				OTHER_LDFLAGS = "-ObjC";
				PRODUCT_NAME = "$(TARGET_NAME)";
				SDKROOT = iphoneos;
				SKIP_INSTALL = YES;
				USER_HEADER_SEARCH_PATHS = "$(SRCROOT)/ $(SRCROOT)/../cocos2d-x/ $(SRCROOT)/../cocos2d-x/external/ $(SRCROOT)/../cocos2d-x/cocos/platform/ios $(SRCROOT)/../cocos2d-x/cocos $(SRCROOT)/../cocos2d-x/cocos/base $(SRCROOT)/../cocos2d-x/cocos/2d $(SRCROOT)/../cocos2d-x/cocos/ui $(SRCROOT)/../cocos2d-x/external/glfw3/include/ios $(SRCROOT)/../cocos2d-x/external/curl/include/ios $(SRCROOT)/../cocos2d-x/external/unzip/ $(SRCROOT)/../cocos2d-x/cocos/scripting/js-bindings/auto $(SRCROOT)/../cocos2d-x/cocos/scripting/js-bindings/manual $(SRCROOT)/../cocos2d-x/external/spidermonkey/include/ios $(SRCROOT)/../cocos2d-x/external/spidermonkey/prebuilt/ios $(SRCROOT)/../cocos2d-x/extensions/ $(SRCROOT)/../cocos2d-x/cocos/platform/";
			};
			name = Debug;
		};
		62AFEF4E1BFDFB6200723298 /* Release */ = {
			isa = XCBuildConfiguration;
			buildSettings = {
				ALWAYS_SEARCH_USER_PATHS = YES;
				"CODE_SIGN_IDENTITY[sdk=iphoneos*]" = "iPhone Developer";
				EXECUTABLE_PREFIX = "";
				GCC_PREPROCESSOR_DEFINITIONS = (
					"$(inherited)",
					COCOS2D_JAVASCRIPT,
					CC_TARGET_OS_IPHONE,
				);
				IPHONEOS_DEPLOYMENT_TARGET = 9.1;
				LIBRARY_SEARCH_PATHS = "\"$(SRCROOT)/../cocos2d-x/external/curl/prebuilt/ios\"";
				OTHER_LDFLAGS = "-ObjC";
				PRODUCT_NAME = "$(TARGET_NAME)";
				SDKROOT = iphoneos;
				SKIP_INSTALL = YES;
				USER_HEADER_SEARCH_PATHS = "$(SRCROOT)/ $(SRCROOT)/../cocos2d-x/ $(SRCROOT)/../cocos2d-x/external/ $(SRCROOT)/../cocos2d-x/cocos/platform/ios $(SRCROOT)/../cocos2d-x/cocos $(SRCROOT)/../cocos2d-x/cocos/base $(SRCROOT)/../cocos2d-x/cocos/2d $(SRCROOT)/../cocos2d-x/cocos/ui $(SRCROOT)/../cocos2d-x/external/glfw3/include/ios $(SRCROOT)/../cocos2d-x/external/curl/include/ios $(SRCROOT)/../cocos2d-x/external/unzip/ $(SRCROOT)/../cocos2d-x/cocos/scripting/js-bindings/auto $(SRCROOT)/../cocos2d-x/cocos/scripting/js-bindings/manual $(SRCROOT)/../cocos2d-x/external/spidermonkey/include/ios $(SRCROOT)/../cocos2d-x/external/spidermonkey/prebuilt/ios $(SRCROOT)/../cocos2d-x/extensions/ $(SRCROOT)/../cocos2d-x/cocos/platform/";
				VALIDATE_PRODUCT = YES;
			};
			name = Release;
		};
		D872AF971BF57FBB0087CFFE /* Debug */ = {
			isa = XCBuildConfiguration;
			buildSettings = {
				ALWAYS_SEARCH_USER_PATHS = NO;
				CLANG_CXX_LANGUAGE_STANDARD = "gnu++0x";
				CLANG_CXX_LIBRARY = "libc++";
				CLANG_ENABLE_MODULES = YES;
				CLANG_ENABLE_OBJC_ARC = NO;
				CLANG_WARN_BOOL_CONVERSION = YES;
				CLANG_WARN_CONSTANT_CONVERSION = YES;
				CLANG_WARN_DIRECT_OBJC_ISA_USAGE = YES_ERROR;
				CLANG_WARN_EMPTY_BODY = YES;
				CLANG_WARN_ENUM_CONVERSION = YES;
				CLANG_WARN_INT_CONVERSION = YES;
				CLANG_WARN_OBJC_ROOT_CLASS = YES_ERROR;
				CLANG_WARN_UNREACHABLE_CODE = YES;
				CLANG_WARN__DUPLICATE_METHOD_MATCH = YES;
				COPY_PHASE_STRIP = NO;
				DEBUG_INFORMATION_FORMAT = dwarf;
				ENABLE_STRICT_OBJC_MSGSEND = YES;
				GCC_C_LANGUAGE_STANDARD = gnu99;
				GCC_DYNAMIC_NO_PIC = NO;
				GCC_NO_COMMON_BLOCKS = YES;
				GCC_OPTIMIZATION_LEVEL = 0;
				GCC_PREPROCESSOR_DEFINITIONS = (
					COCOS2D_JAVASCRIPT,
					"COCOS2D_DEBUG=0",
					USE_FILE32API,
					"CC_ENABLE_CHIPMUNK_INTEGRATION=1",
				);
				GCC_SYMBOLS_PRIVATE_EXTERN = NO;
				GCC_WARN_64_TO_32_BIT_CONVERSION = YES;
				GCC_WARN_ABOUT_RETURN_TYPE = YES_ERROR;
				GCC_WARN_UNDECLARED_SELECTOR = YES;
				GCC_WARN_UNINITIALIZED_AUTOS = YES_AGGRESSIVE;
				GCC_WARN_UNUSED_FUNCTION = YES;
				GCC_WARN_UNUSED_VARIABLE = YES;
				MACOSX_DEPLOYMENT_TARGET = 10.10;
				MTL_ENABLE_DEBUG_INFO = YES;
				ONLY_ACTIVE_ARCH = YES;
				SDKROOT = macosx;
			};
			name = Debug;
		};
		D872AF981BF57FBB0087CFFE /* Release */ = {
			isa = XCBuildConfiguration;
			buildSettings = {
				ALWAYS_SEARCH_USER_PATHS = NO;
				CLANG_CXX_LANGUAGE_STANDARD = "gnu++0x";
				CLANG_CXX_LIBRARY = "libc++";
				CLANG_ENABLE_MODULES = YES;
				CLANG_ENABLE_OBJC_ARC = NO;
				CLANG_WARN_BOOL_CONVERSION = YES;
				CLANG_WARN_CONSTANT_CONVERSION = YES;
				CLANG_WARN_DIRECT_OBJC_ISA_USAGE = YES_ERROR;
				CLANG_WARN_EMPTY_BODY = YES;
				CLANG_WARN_ENUM_CONVERSION = YES;
				CLANG_WARN_INT_CONVERSION = YES;
				CLANG_WARN_OBJC_ROOT_CLASS = YES_ERROR;
				CLANG_WARN_UNREACHABLE_CODE = YES;
				CLANG_WARN__DUPLICATE_METHOD_MATCH = YES;
				COPY_PHASE_STRIP = NO;
				DEBUG_INFORMATION_FORMAT = "dwarf-with-dsym";
				ENABLE_NS_ASSERTIONS = NO;
				ENABLE_STRICT_OBJC_MSGSEND = YES;
				GCC_C_LANGUAGE_STANDARD = gnu99;
				GCC_NO_COMMON_BLOCKS = YES;
				GCC_PREPROCESSOR_DEFINITIONS = (
					COCOS2D_JAVASCRIPT,
					NDEBUG,
					USE_FILE32API,
					"CC_ENABLE_CHIPMUNK_INTEGRATION=1",
				);
				GCC_WARN_64_TO_32_BIT_CONVERSION = YES;
				GCC_WARN_ABOUT_RETURN_TYPE = YES_ERROR;
				GCC_WARN_UNDECLARED_SELECTOR = YES;
				GCC_WARN_UNINITIALIZED_AUTOS = YES_AGGRESSIVE;
				GCC_WARN_UNUSED_FUNCTION = YES;
				GCC_WARN_UNUSED_VARIABLE = YES;
				MACOSX_DEPLOYMENT_TARGET = 10.10;
				MTL_ENABLE_DEBUG_INFO = NO;
				SDKROOT = macosx;
			};
			name = Release;
		};
		D872AF9A1BF57FBB0087CFFE /* Debug */ = {
			isa = XCBuildConfiguration;
			buildSettings = {
				ALWAYS_SEARCH_USER_PATHS = YES;
				EXECUTABLE_PREFIX = "";
				GCC_PREPROCESSOR_DEFINITIONS = (
					COCOS2D_JAVASCRIPT,
					CC_TARGET_OS_MAC,
					CC_KEYBOARD_SUPPORT,
					"COCOS2D_DEBUG=1",
				);
				LIBRARY_SEARCH_PATHS = (
					"$(inherited)",
					"$(USER_LIBRARY_DIR)/Developer/Xcode/DerivedData/cocosfw-caqnebugarbmzbgeroibisuyojya/Build/Products/Debug",
				);
				PRODUCT_NAME = "$(TARGET_NAME)";
				USER_HEADER_SEARCH_PATHS = "$(SRCROOT)/ $(SRCROOT)/../cocos2d-x/cocos/platform/mac $(SRCROOT)/../cocos2d-x/cocos $(SRCROOT)/../cocos2d-x/cocos/base $(SRCROOT)/../cocos2d-x/cocos/2d $(SRCROOT)/../cocos2d-x/cocos/ui $(SRCROOT)/../cocos2d-x/external/glfw3/include/mac $(SRCROOT)/../cocos2d-x/external/curl/include/mac $(SRCROOT)/../cocos2d-x/cocos/scripting/js-bindings/auto $(SRCROOT)/../cocos2d-x/cocos/scripting/js-bindings/manual $(SRCROOT)/../cocos2d-x/external/spidermonkey/include/mac $(SRCROOT)/../cocos2d-x/external/spidermonkey/prebuilt/mac $(SRCROOT)/../cocos2d-x/extensions/";
				qq = "";
			};
			name = Debug;
		};
		D872AF9B1BF57FBB0087CFFE /* Release */ = {
			isa = XCBuildConfiguration;
			buildSettings = {
				ALWAYS_SEARCH_USER_PATHS = YES;
				EXECUTABLE_PREFIX = "";
				GCC_PREPROCESSOR_DEFINITIONS = (
					COCOS2D_JAVASCRIPT,
					CC_TARGET_OS_MAC,
					CC_KEYBOARD_SUPPORT,
				);
				LIBRARY_SEARCH_PATHS = (
					"$(inherited)",
					"$(USER_LIBRARY_DIR)/Developer/Xcode/DerivedData/cocosfw-caqnebugarbmzbgeroibisuyojya/Build/Products/Debug",
				);
				PRODUCT_NAME = "$(TARGET_NAME)";
				USER_HEADER_SEARCH_PATHS = "$(SRCROOT)/ $(SRCROOT)/../cocos2d-x/cocos/platform/mac $(SRCROOT)/../cocos2d-x/cocos $(SRCROOT)/../cocos2d-x/cocos/base $(SRCROOT)/../cocos2d-x/cocos/2d $(SRCROOT)/../cocos2d-x/cocos/ui $(SRCROOT)/../cocos2d-x/external/glfw3/include/mac $(SRCROOT)/../cocos2d-x/external/curl/include/mac $(SRCROOT)/../cocos2d-x/cocos/scripting/js-bindings/auto $(SRCROOT)/../cocos2d-x/cocos/scripting/js-bindings/manual $(SRCROOT)/../cocos2d-x/external/spidermonkey/include/mac $(SRCROOT)/../cocos2d-x/external/spidermonkey/prebuilt/mac $(SRCROOT)/../cocos2d-x/extensions/";
				qq = "";
			};
			name = Release;
		};
/* End XCBuildConfiguration section */

/* Begin XCConfigurationList section */
		62AFEF4C1BFDFB6200723298 /* Build configuration list for PBXNativeTarget "libguang ios" */ = {
			isa = XCConfigurationList;
			buildConfigurations = (
				62AFEF4D1BFDFB6200723298 /* Debug */,
				62AFEF4E1BFDFB6200723298 /* Release */,
			);
			defaultConfigurationIsVisible = 0;
			defaultConfigurationName = Release;
		};
		D872AF901BF57FBB0087CFFE /* Build configuration list for PBXProject "libguang" */ = {
			isa = XCConfigurationList;
			buildConfigurations = (
				D872AF971BF57FBB0087CFFE /* Debug */,
				D872AF981BF57FBB0087CFFE /* Release */,
			);
			defaultConfigurationIsVisible = 0;
			defaultConfigurationName = Release;
		};
		D872AF991BF57FBB0087CFFE /* Build configuration list for PBXNativeTarget "libguang mac" */ = {
			isa = XCConfigurationList;
			buildConfigurations = (
				D872AF9A1BF57FBB0087CFFE /* Debug */,
				D872AF9B1BF57FBB0087CFFE /* Release */,
			);
			defaultConfigurationIsVisible = 0;
			defaultConfigurationName = Release;
		};
/* End XCConfigurationList section */
	};
	rootObject = D872AF8D1BF57FBB0087CFFE /* Project object */;
}
